
Microsoft Visual Studio Solution File, Format Version 12.00
# Visual Studio Version 17
VisualStudioVersion = 17.5.33424.131
MinimumVisualStudioVersion = 10.0.40219.1
Project("{FAE04EC0-301F-11D3-BF4B-00C04F79EFBC}") = "ClinicSoft", "ClinicSoft\ClinicSoft.csproj", "{6401D28F-ECFE-4307-9ED6-B356C66F4603}"
EndProject
Project("{FAE04EC0-301F-11D3-BF4B-00C04F79EFBC}") = "SecurityLayer", "SecurityLayer\SecurityLayer.csproj", "{31EB69B4-3413-4088-B92C-15E3FDC0B9E8}"
EndProject
Project("{FAE04EC0-301F-11D3-BF4B-00C04F79EFBC}") = "DataAccessLayer", "DataAccessLayer\DataAccessLayer.csproj", "{286EADB8-2BD5-4690-8796-BA99BF259711}"
EndProject
Project("{FAE04EC0-301F-11D3-BF4B-00C04F79EFBC}") = "BusinessEntities", "BusinessEntities\BusinessEntities.csproj", "{43B3E734-1C58-4E61-B676-8213ED15D3A9}"
EndProject
Project("{FAE04EC0-301F-11D3-BF4B-00C04F79EFBC}") = "BusinessLogicLayer", "BusinessLogicLayer\BusinessLogicLayer.csproj", "{FAA5CA9D-38C7-40F6-A3ED-866D1AD38792}"
EndProject
Global
	GlobalSection(SolutionConfigurationPlatforms) = preSolution
		Debug|Any CPU = Debug|Any CPU
		Release|Any CPU = Release|Any CPU
	EndGlobalSection
	GlobalSection(ProjectConfigurationPlatforms) = postSolution
		{6401D28F-ECFE-4307-9ED6-B356C66F4603}.Debug|Any CPU.ActiveCfg = Debug|Any CPU
		{6401D28F-ECFE-4307-9ED6-B356C66F4603}.Debug|Any CPU.Build.0 = Debug|Any CPU
		{6401D28F-ECFE-4307-9ED6-B356C66F4603}.Release|Any CPU.ActiveCfg = Release|Any CPU
		{6401D28F-ECFE-4307-9ED6-B356C66F4603}.Release|Any CPU.Build.0 = Release|Any CPU
		{31EB69B4-3413-4088-B92C-15E3FDC0B9E8}.Debug|Any CPU.ActiveCfg = Debug|Any CPU
		{31EB69B4-3413-4088-B92C-15E3FDC0B9E8}.Debug|Any CPU.Build.0 = Debug|Any CPU
		{31EB69B4-3413-4088-B92C-15E3FDC0B9E8}.Release|Any CPU.ActiveCfg = Release|Any CPU
		{31EB69B4-3413-4088-B92C-15E3FDC0B9E8}.Release|Any CPU.Build.0 = Release|Any CPU
		{286EADB8-2BD5-4690-8796-BA99BF259711}.Debug|Any CPU.ActiveCfg = Debug|Any CPU
		{286EADB8-2BD5-4690-8796-BA99BF259711}.Debug|Any CPU.Build.0 = Debug|Any CPU
		{286EADB8-2BD5-4690-8796-BA99BF259711}.Release|Any CPU.ActiveCfg = Release|Any CPU
		{286EADB8-2BD5-4690-8796-BA99BF259711}.Release|Any CPU.Build.0 = Release|Any CPU
		{43B3E734-1C58-4E61-B676-8213ED15D3A9}.Debug|Any CPU.ActiveCfg = Debug|Any CPU
		{43B3E734-1C58-4E61-B676-8213ED15D3A9}.Debug|Any CPU.Build.0 = Debug|Any CPU
		{43B3E734-1C58-4E61-B676-8213ED15D3A9}.Release|Any CPU.ActiveCfg = Release|Any CPU
		{43B3E734-1C58-4E61-B676-8213ED15D3A9}.Release|Any CPU.Build.0 = Release|Any CPU
		{FAA5CA9D-38C7-40F6-A3ED-866D1AD38792}.Debug|Any CPU.ActiveCfg = Debug|Any CPU
		{FAA5CA9D-38C7-40F6-A3ED-866D1AD38792}.Debug|Any CPU.Build.0 = Debug|Any CPU
		{FAA5CA9D-38C7-40F6-A3ED-866D1AD38792}.Release|Any CPU.ActiveCfg = Release|Any CPU
		{FAA5CA9D-38C7-40F6-A3ED-866D1AD38792}.Release|Any CPU.Build.0 = Release|Any CPU
	EndGlobalSection
	GlobalSection(SolutionProperties) = preSolution
		HideSolutionNode = FALSE
	EndGlobalSection
	GlobalSection(ExtensibilityGlobals) = postSolution
		EnterpriseLibraryConfigurationToolBinariesPathV6 = packages\EnterpriseLibrary.Common.6.0.1304.0\lib\NET45;packages\EnterpriseLibrary.Data.6.0.1304.0\lib\NET45
		SolutionGuid = {02880CA5-3C81-4A7B-9802-5365DA3EECEB}
	EndGlobalSection
EndGlobal
